
Microsoft Visual Studio Solution File, Format Version 12.00
# Visual Studio Version 16
VisualStudioVersion = 16.0.31911.196
MinimumVisualStudioVersion = 10.0.40219.1
Project("{FAE04EC0-301F-11D3-BF4B-00C04F79EFBC}") = "KomodoApp.UI", "KomodoApp.UI\KomodoApp.UI.csproj", "{9F06D3BA-6257-42BB-9E40-8C4782E0636C}"
EndProject
Project("{FAE04EC0-301F-11D3-BF4B-00C04F79EFBC}") = "KomodoApp.REPO", "KomodoApp.REPO\KomodoApp.REPO.csproj", "{CAB8F75E-5355-41AD-8CB3-567AB4F48B16}"
EndProject
Project("{FAE04EC0-301F-11D3-BF4B-00C04F79EFBC}") = "KomodoApp.POCO", "KomodoApp.POCO\KomodoApp.POCO.csproj", "{AF49765A-1787-4E20-8795-E4D69DC9CFA8}"
EndProject
Global
	GlobalSection(SolutionConfigurationPlatforms) = preSolution
		Debug|Any CPU = Debug|Any CPU
		Release|Any CPU = Release|Any CPU
	EndGlobalSection
	GlobalSection(ProjectConfigurationPlatforms) = postSolution
		{9F06D3BA-6257-42BB-9E40-8C4782E0636C}.Debug|Any CPU.ActiveCfg = Debug|Any CPU
		{9F06D3BA-6257-42BB-9E40-8C4782E0636C}.Debug|Any CPU.Build.0 = Debug|Any CPU
		{9F06D3BA-6257-42BB-9E40-8C4782E0636C}.Release|Any CPU.ActiveCfg = Release|Any CPU
		{9F06D3BA-6257-42BB-9E40-8C4782E0636C}.Release|Any CPU.Build.0 = Release|Any CPU
		{CAB8F75E-5355-41AD-8CB3-567AB4F48B16}.Debug|Any CPU.ActiveCfg = Debug|Any CPU
		{CAB8F75E-5355-41AD-8CB3-567AB4F48B16}.Debug|Any CPU.Build.0 = Debug|Any CPU
		{CAB8F75E-5355-41AD-8CB3-567AB4F48B16}.Release|Any CPU.ActiveCfg = Release|Any CPU
		{CAB8F75E-5355-41AD-8CB3-567AB4F48B16}.Release|Any CPU.Build.0 = Release|Any CPU
		{AF49765A-1787-4E20-8795-E4D69DC9CFA8}.Debug|Any CPU.ActiveCfg = Debug|Any CPU
		{AF49765A-1787-4E20-8795-E4D69DC9CFA8}.Debug|Any CPU.Build.0 = Debug|Any CPU
		{AF49765A-1787-4E20-8795-E4D69DC9CFA8}.Release|Any CPU.ActiveCfg = Release|Any CPU
		{AF49765A-1787-4E20-8795-E4D69DC9CFA8}.Release|Any CPU.Build.0 = Release|Any CPU
	EndGlobalSection
	GlobalSection(SolutionProperties) = preSolution
		HideSolutionNode = FALSE
	EndGlobalSection
	GlobalSection(ExtensibilityGlobals) = postSolution
		SolutionGuid = {FEED5185-B1DB-410D-8D43-D434A41D761F}
	EndGlobalSection
EndGlobal
